// !$*UTF8*$!
{
	archiveVersion = 1;
	classes = {
	};
	objectVersion = 56;
	objects = {

/* Begin PBXBuildFile section */
		F38CC1DA2BEBFE59006657B6 /* AppDelegate.swift in Sources */ = {isa = PBXBuildFile; fileRef = F38CC1D92BEBFE59006657B6 /* AppDelegate.swift */; };
		F38CC1DC2BEBFE59006657B6 /* SceneDelegate.swift in Sources */ = {isa = PBXBuildFile; fileRef = F38CC1DB2BEBFE59006657B6 /* SceneDelegate.swift */; };
		F38CC1DE2BEBFE59006657B6 /* ViewController.swift in Sources */ = {isa = PBXBuildFile; fileRef = F38CC1DD2BEBFE59006657B6 /* ViewController.swift */; };
		F38CC1E12BEBFE59006657B6 /* Main.storyboard in Resources */ = {isa = PBXBuildFile; fileRef = F38CC1DF2BEBFE59006657B6 /* Main.storyboard */; };
		F38CC1E32BEBFE5A006657B6 /* Assets.xcassets in Resources */ = {isa = PBXBuildFile; fileRef = F38CC1E22BEBFE5A006657B6 /* Assets.xcassets */; };
		F38CC1E62BEBFE5A006657B6 /* LaunchScreen.storyboard in Resources */ = {isa = PBXBuildFile; fileRef = F38CC1E42BEBFE5A006657B6 /* LaunchScreen.storyboard */; };
		F38CC1F12BEBFE5A006657B6 /* TheGuessingGameTests.swift in Sources */ = {isa = PBXBuildFile; fileRef = F38CC1F02BEBFE5A006657B6 /* TheGuessingGameTests.swift */; };
		F38CC1FB2BEBFE5A006657B6 /* TheGuessingGameUITests.swift in Sources */ = {isa = PBXBuildFile; fileRef = F38CC1FA2BEBFE5A006657B6 /* TheGuessingGameUITests.swift */; };
		F38CC1FD2BEBFE5A006657B6 /* TheGuessingGameUITestsLaunchTests.swift in Sources */ = {isa = PBXBuildFile; fileRef = F38CC1FC2BEBFE5A006657B6 /* TheGuessingGameUITestsLaunchTests.swift */; };
		F38CC20A2BEBFE7C006657B6 /* guessTheNumberViewController.swift in Sources */ = {isa = PBXBuildFile; fileRef = F38CC2092BEBFE7C006657B6 /* guessTheNumberViewController.swift */; };
		F38CC20C2BEC035F006657B6 /* guessTheWordViewController.swift in Sources */ = {isa = PBXBuildFile; fileRef = F38CC20B2BEC035F006657B6 /* guessTheWordViewController.swift */; };
		F38CC20E2BEC0DFA006657B6 /* guessTheLetterViewController.swift in Sources */ = {isa = PBXBuildFile; fileRef = F38CC20D2BEC0DFA006657B6 /* guessTheLetterViewController.swift */; };
		F38CC2102BEC0F2A006657B6 /* hangmanViewController.swift in Sources */ = {isa = PBXBuildFile; fileRef = F38CC20F2BEC0F2A006657B6 /* hangmanViewController.swift */; };
		F38CC2122BEDFA7D006657B6 /* infoViewController.swift in Sources */ = {isa = PBXBuildFile; fileRef = F38CC2112BEDFA7D006657B6 /* infoViewController.swift */; };
/* End PBXBuildFile section */

/* Begin PBXContainerItemProxy section */
		F38CC1ED2BEBFE5A006657B6 /* PBXContainerItemProxy */ = {
			isa = PBXContainerItemProxy;
			containerPortal = F38CC1CE2BEBFE59006657B6 /* Project object */;
			proxyType = 1;
			remoteGlobalIDString = F38CC1D52BEBFE59006657B6;
			remoteInfo = TheGuessingGame;
		};
		F38CC1F72BEBFE5A006657B6 /* PBXContainerItemProxy */ = {
			isa = PBXContainerItemProxy;
			containerPortal = F38CC1CE2BEBFE59006657B6 /* Project object */;
			proxyType = 1;
			remoteGlobalIDString = F38CC1D52BEBFE59006657B6;
			remoteInfo = TheGuessingGame;
		};
/* End PBXContainerItemProxy section */

/* Begin PBXFileReference section */
		F38CC1D62BEBFE59006657B6 /* TheGuessingGame.app */ = {isa = PBXFileReference; explicitFileType = wrapper.application; includeInIndex = 0; path = TheGuessingGame.app; sourceTree = BUILT_PRODUCTS_DIR; };
		F38CC1D92BEBFE59006657B6 /* AppDelegate.swift */ = {isa = PBXFileReference; lastKnownFileType = sourcecode.swift; path = AppDelegate.swift; sourceTree = "<group>"; };
		F38CC1DB2BEBFE59006657B6 /* SceneDelegate.swift */ = {isa = PBXFileReference; lastKnownFileType = sourcecode.swift; path = SceneDelegate.swift; sourceTree = "<group>"; };
		F38CC1DD2BEBFE59006657B6 /* ViewController.swift */ = {isa = PBXFileReference; lastKnownFileType = sourcecode.swift; path = ViewController.swift; sourceTree = "<group>"; };
		F38CC1E02BEBFE59006657B6 /* Base */ = {isa = PBXFileReference; lastKnownFileType = file.storyboard; name = Base; path = Base.lproj/Main.storyboard; sourceTree = "<group>"; };
		F38CC1E22BEBFE5A006657B6 /* Assets.xcassets */ = {isa = PBXFileReference; lastKnownFileType = folder.assetcatalog; path = Assets.xcassets; sourceTree = "<group>"; };
		F38CC1E52BEBFE5A006657B6 /* Base */ = {isa = PBXFileReference; lastKnownFileType = file.storyboard; name = Base; path = Base.lproj/LaunchScreen.storyboard; sourceTree = "<group>"; };
		F38CC1E72BEBFE5A006657B6 /* Info.plist */ = {isa = PBXFileReference; lastKnownFileType = text.plist.xml; path = Info.plist; sourceTree = "<group>"; };
		F38CC1EC2BEBFE5A006657B6 /* TheGuessingGameTests.xctest */ = {isa = PBXFileReference; explicitFileType = wrapper.cfbundle; includeInIndex = 0; path = TheGuessingGameTests.xctest; sourceTree = BUILT_PRODUCTS_DIR; };
		F38CC1F02BEBFE5A006657B6 /* TheGuessingGameTests.swift */ = {isa = PBXFileReference; lastKnownFileType = sourcecode.swift; path = TheGuessingGameTests.swift; sourceTree = "<group>"; };
		F38CC1F62BEBFE5A006657B6 /* TheGuessingGameUITests.xctest */ = {isa = PBXFileReference; explicitFileType = wrapper.cfbundle; includeInIndex = 0; path = TheGuessingGameUITests.xctest; sourceTree = BUILT_PRODUCTS_DIR; };
		F38CC1FA2BEBFE5A006657B6 /* TheGuessingGameUITests.swift */ = {isa = PBXFileReference; lastKnownFileType = sourcecode.swift; path = TheGuessingGameUITests.swift; sourceTree = "<group>"; };
		F38CC1FC2BEBFE5A006657B6 /* TheGuessingGameUITestsLaunchTests.swift */ = {isa = PBXFileReference; lastKnownFileType = sourcecode.swift; path = TheGuessingGameUITestsLaunchTests.swift; sourceTree = "<group>"; };
		F38CC2092BEBFE7C006657B6 /* guessTheNumberViewController.swift */ = {isa = PBXFileReference; lastKnownFileType = sourcecode.swift; path = guessTheNumberViewController.swift; sourceTree = "<group>"; };
		F38CC20B2BEC035F006657B6 /* guessTheWordViewController.swift */ = {isa = PBXFileReference; lastKnownFileType = sourcecode.swift; path = guessTheWordViewController.swift; sourceTree = "<group>"; };
		F38CC20D2BEC0DFA006657B6 /* guessTheLetterViewController.swift */ = {isa = PBXFileReference; lastKnownFileType = sourcecode.swift; path = guessTheLetterViewController.swift; sourceTree = "<group>"; };
		F38CC20F2BEC0F2A006657B6 /* hangmanViewController.swift */ = {isa = PBXFileReference; lastKnownFileType = sourcecode.swift; path = hangmanViewController.swift; sourceTree = "<group>"; };
		F38CC2112BEDFA7D006657B6 /* infoViewController.swift */ = {isa = PBXFileReference; lastKnownFileType = sourcecode.swift; path = infoViewController.swift; sourceTree = "<group>"; };
/* End PBXFileReference section */

/* Begin PBXFrameworksBuildPhase section */
		F38CC1D32BEBFE59006657B6 /* Frameworks */ = {
			isa = PBXFrameworksBuildPhase;
			buildActionMask = 2147483647;
			files = (
			);
			runOnlyForDeploymentPostprocessing = 0;
		};
		F38CC1E92BEBFE5A006657B6 /* Frameworks */ = {
			isa = PBXFrameworksBuildPhase;
			buildActionMask = 2147483647;
			files = (
			);
			runOnlyForDeploymentPostprocessing = 0;
		};
		F38CC1F32BEBFE5A006657B6 /* Frameworks */ = {
			isa = PBXFrameworksBuildPhase;
			buildActionMask = 2147483647;
			files = (
			);
			runOnlyForDeploymentPostprocessing = 0;
		};
/* End PBXFrameworksBuildPhase section */

/* Begin PBXGroup section */
		F38CC1CD2BEBFE59006657B6 = {
			isa = PBXGroup;
			children = (
				F38CC1D82BEBFE59006657B6 /* TheGuessingGame */,
				F38CC1EF2BEBFE5A006657B6 /* TheGuessingGameTests */,
				F38CC1F92BEBFE5A006657B6 /* TheGuessingGameUITests */,
				F38CC1D72BEBFE59006657B6 /* Products */,
			);
			sourceTree = "<group>";
		};
		F38CC1D72BEBFE59006657B6 /* Products */ = {
			isa = PBXGroup;
			children = (
				F38CC1D62BEBFE59006657B6 /* TheGuessingGame.app */,
				F38CC1EC2BEBFE5A006657B6 /* TheGuessingGameTests.xctest */,
				F38CC1F62BEBFE5A006657B6 /* TheGuessingGameUITests.xctest */,
			);
			name = Products;
			sourceTree = "<group>";
		};
		F38CC1D82BEBFE59006657B6 /* TheGuessingGame */ = {
			isa = PBXGroup;
			children = (
				F38CC1D92BEBFE59006657B6 /* AppDelegate.swift */,
				F38CC1DB2BEBFE59006657B6 /* SceneDelegate.swift */,
				F38CC1DD2BEBFE59006657B6 /* ViewController.swift */,
				F38CC2092BEBFE7C006657B6 /* guessTheNumberViewController.swift */,
				F38CC20F2BEC0F2A006657B6 /* hangmanViewController.swift */,
				F38CC20D2BEC0DFA006657B6 /* guessTheLetterViewController.swift */,
				F38CC1DF2BEBFE59006657B6 /* Main.storyboard */,
				F38CC2112BEDFA7D006657B6 /* infoViewController.swift */,
				F38CC20B2BEC035F006657B6 /* guessTheWordViewController.swift */,
				F38CC1E22BEBFE5A006657B6 /* Assets.xcassets */,
				F38CC1E42BEBFE5A006657B6 /* LaunchScreen.storyboard */,
				F38CC1E72BEBFE5A006657B6 /* Info.plist */,
			);
			path = TheGuessingGame;
			sourceTree = "<group>";
		};
		F38CC1EF2BEBFE5A006657B6 /* TheGuessingGameTests */ = {
			isa = PBXGroup;
			children = (
				F38CC1F02BEBFE5A006657B6 /* TheGuessingGameTests.swift */,
			);
			path = TheGuessingGameTests;
			sourceTree = "<group>";
		};
		F38CC1F92BEBFE5A006657B6 /* TheGuessingGameUITests */ = {
			isa = PBXGroup;
			children = (
				F38CC1FA2BEBFE5A006657B6 /* TheGuessingGameUITests.swift */,
				F38CC1FC2BEBFE5A006657B6 /* TheGuessingGameUITestsLaunchTests.swift */,
			);
			path = TheGuessingGameUITests;
			sourceTree = "<group>";
		};
/* End PBXGroup section */

/* Begin PBXNativeTarget section */
		F38CC1D52BEBFE59006657B6 /* TheGuessingGame */ = {
			isa = PBXNativeTarget;
			buildConfigurationList = F38CC2002BEBFE5A006657B6 /* Build configuration list for PBXNativeTarget "TheGuessingGame" */;
			buildPhases = (
				F38CC1D22BEBFE59006657B6 /* Sources */,
				F38CC1D32BEBFE59006657B6 /* Frameworks */,
				F38CC1D42BEBFE59006657B6 /* Resources */,
			);
			buildRules = (
			);
			dependencies = (
			);
			name = TheGuessingGame;
			productName = TheGuessingGame;
			productReference = F38CC1D62BEBFE59006657B6 /* TheGuessingGame.app */;
			productType = "com.apple.product-type.application";
		};
		F38CC1EB2BEBFE5A006657B6 /* TheGuessingGameTests */ = {
			isa = PBXNativeTarget;
			buildConfigurationList = F38CC2032BEBFE5A006657B6 /* Build configuration list for PBXNativeTarget "TheGuessingGameTests" */;
			buildPhases = (
				F38CC1E82BEBFE5A006657B6 /* Sources */,
				F38CC1E92BEBFE5A006657B6 /* Frameworks */,
				F38CC1EA2BEBFE5A006657B6 /* Resources */,
			);
			buildRules = (
			);
			dependencies = (
				F38CC1EE2BEBFE5A006657B6 /* PBXTargetDependency */,
			);
			name = TheGuessingGameTests;
			productName = TheGuessingGameTests;
			productReference = F38CC1EC2BEBFE5A006657B6 /* TheGuessingGameTests.xctest */;
			productType = "com.apple.product-type.bundle.unit-test";
		};
		F38CC1F52BEBFE5A006657B6 /* TheGuessingGameUITests */ = {
			isa = PBXNativeTarget;
			buildConfigurationList = F38CC2062BEBFE5A006657B6 /* Build configuration list for PBXNativeTarget "TheGuessingGameUITests" */;
			buildPhases = (
				F38CC1F22BEBFE5A006657B6 /* Sources */,
				F38CC1F32BEBFE5A006657B6 /* Frameworks */,
				F38CC1F42BEBFE5A006657B6 /* Resources */,
			);
			buildRules = (
			);
			dependencies = (
				F38CC1F82BEBFE5A006657B6 /* PBXTargetDependency */,
			);
			name = TheGuessingGameUITests;
			productName = TheGuessingGameUITests;
			productReference = F38CC1F62BEBFE5A006657B6 /* TheGuessingGameUITests.xctest */;
			productType = "com.apple.product-type.bundle.ui-testing";
		};
/* End PBXNativeTarget section */

/* Begin PBXProject section */
		F38CC1CE2BEBFE59006657B6 /* Project object */ = {
			isa = PBXProject;
			attributes = {
				BuildIndependentTargetsInParallel = 1;
				LastSwiftUpdateCheck = 1420;
				LastUpgradeCheck = 1420;
				TargetAttributes = {
					F38CC1D52BEBFE59006657B6 = {
						CreatedOnToolsVersion = 14.2;
					};
					F38CC1EB2BEBFE5A006657B6 = {
						CreatedOnToolsVersion = 14.2;
						TestTargetID = F38CC1D52BEBFE59006657B6;
					};
					F38CC1F52BEBFE5A006657B6 = {
						CreatedOnToolsVersion = 14.2;
						TestTargetID = F38CC1D52BEBFE59006657B6;
					};
				};
			};
			buildConfigurationList = F38CC1D12BEBFE59006657B6 /* Build configuration list for PBXProject "TheGuessingGame" */;
			compatibilityVersion = "Xcode 14.0";
			developmentRegion = en;
			hasScannedForEncodings = 0;
			knownRegions = (
				en,
				Base,
			);
			mainGroup = F38CC1CD2BEBFE59006657B6;
			productRefGroup = F38CC1D72BEBFE59006657B6 /* Products */;
			projectDirPath = "";
			projectRoot = "";
			targets = (
				F38CC1D52BEBFE59006657B6 /* TheGuessingGame */,
				F38CC1EB2BEBFE5A006657B6 /* TheGuessingGameTests */,
				F38CC1F52BEBFE5A006657B6 /* TheGuessingGameUITests */,
			);
		};
/* End PBXProject section */

/* Begin PBXResourcesBuildPhase section */
		F38CC1D42BEBFE59006657B6 /* Resources */ = {
			isa = PBXResourcesBuildPhase;
			buildActionMask = 2147483647;
			files = (
				F38CC1E62BEBFE5A006657B6 /* LaunchScreen.storyboard in Resources */,
				F38CC1E32BEBFE5A006657B6 /* Assets.xcassets in Resources */,
				F38CC1E12BEBFE59006657B6 /* Main.storyboard in Resources */,
			);
			runOnlyForDeploymentPostprocessing = 0;
		};
		F38CC1EA2BEBFE5A006657B6 /* Resources */ = {
			isa = PBXResourcesBuildPhase;
			buildActionMask = 2147483647;
			files = (
			);
			runOnlyForDeploymentPostprocessing = 0;
		};
		F38CC1F42BEBFE5A006657B6 /* Resources */ = {
			isa = PBXResourcesBuildPhase;
			buildActionMask = 2147483647;
			files = (
			);
			runOnlyForDeploymentPostprocessing = 0;
		};
/* End PBXResourcesBuildPhase section */

/* Begin PBXSourcesBuildPhase section */
		F38CC1D22BEBFE59006657B6 /* Sources */ = {
			isa = PBXSourcesBuildPhase;
			buildActionMask = 2147483647;
			files = (
				F38CC2102BEC0F2A006657B6 /* hangmanViewController.swift in Sources */,
				F38CC1DE2BEBFE59006657B6 /* ViewController.swift in Sources */,
				F38CC20A2BEBFE7C006657B6 /* guessTheNumberViewController.swift in Sources */,
				F38CC20E2BEC0DFA006657B6 /* guessTheLetterViewController.swift in Sources */,
				F38CC1DA2BEBFE59006657B6 /* AppDelegate.swift in Sources */,
				F38CC20C2BEC035F006657B6 /* guessTheWordViewController.swift in Sources */,
				F38CC2122BEDFA7D006657B6 /* infoViewController.swift in Sources */,
				F38CC1DC2BEBFE59006657B6 /* SceneDelegate.swift in Sources */,
			);
			runOnlyForDeploymentPostprocessing = 0;
		};
		F38CC1E82BEBFE5A006657B6 /* Sources */ = {
			isa = PBXSourcesBuildPhase;
			buildActionMask = 2147483647;
			files = (
				F38CC1F12BEBFE5A006657B6 /* TheGuessingGameTests.swift in Sources */,
			);
			runOnlyForDeploymentPostprocessing = 0;
		};
		F38CC1F22BEBFE5A006657B6 /* Sources */ = {
			isa = PBXSourcesBuildPhase;
			buildActionMask = 2147483647;
			files = (
				F38CC1FB2BEBFE5A006657B6 /* TheGuessingGameUITests.swift in Sources */,
				F38CC1FD2BEBFE5A006657B6 /* TheGuessingGameUITestsLaunchTests.swift in Sources */,
			);
			runOnlyForDeploymentPostprocessing = 0;
		};
/* End PBXSourcesBuildPhase section */

/* Begin PBXTargetDependency section */
		F38CC1EE2BEBFE5A006657B6 /* PBXTargetDependency */ = {
			isa = PBXTargetDependency;
			target = F38CC1D52BEBFE59006657B6 /* TheGuessingGame */;
			targetProxy = F38CC1ED2BEBFE5A006657B6 /* PBXContainerItemProxy */;
		};
		F38CC1F82BEBFE5A006657B6 /* PBXTargetDependency */ = {
			isa = PBXTargetDependency;
			target = F38CC1D52BEBFE59006657B6 /* TheGuessingGame */;
			targetProxy = F38CC1F72BEBFE5A006657B6 /* PBXContainerItemProxy */;
		};
/* End PBXTargetDependency section */

/* Begin PBXVariantGroup section */
		F38CC1DF2BEBFE59006657B6 /* Main.storyboard */ = {
			isa = PBXVariantGroup;
			children = (
				F38CC1E02BEBFE59006657B6 /* Base */,
			);
			name = Main.storyboard;
			sourceTree = "<group>";
		};
		F38CC1E42BEBFE5A006657B6 /* LaunchScreen.storyboard */ = {
			isa = PBXVariantGroup;
			children = (
				F38CC1E52BEBFE5A006657B6 /* Base */,
			);
			name = LaunchScreen.storyboard;
			sourceTree = "<group>";
		};
/* End PBXVariantGroup section */

/* Begin XCBuildConfiguration section */
		F38CC1FE2BEBFE5A006657B6 /* Debug */ = {
			isa = XCBuildConfiguration;
			buildSettings = {
				ALWAYS_SEARCH_USER_PATHS = NO;
				CLANG_ANALYZER_NONNULL = YES;
				CLANG_ANALYZER_NUMBER_OBJECT_CONVERSION = YES_AGGRESSIVE;
				CLANG_CXX_LANGUAGE_STANDARD = "gnu++20";
				CLANG_ENABLE_MODULES = YES;
				CLANG_ENABLE_OBJC_ARC = YES;
				CLANG_ENABLE_OBJC_WEAK = YES;
				CLANG_WARN_BLOCK_CAPTURE_AUTORELEASING = YES;
				CLANG_WARN_BOOL_CONVERSION = YES;
				CLANG_WARN_COMMA = YES;
				CLANG_WARN_CONSTANT_CONVERSION = YES;
				CLANG_WARN_DEPRECATED_OBJC_IMPLEMENTATIONS = YES;
				CLANG_WARN_DIRECT_OBJC_ISA_USAGE = YES_ERROR;
				CLANG_WARN_DOCUMENTATION_COMMENTS = YES;
				CLANG_WARN_EMPTY_BODY = YES;
				CLANG_WARN_ENUM_CONVERSION = YES;
				CLANG_WARN_INFINITE_RECURSION = YES;
				CLANG_WARN_INT_CONVERSION = YES;
				CLANG_WARN_NON_LITERAL_NULL_CONVERSION = YES;
				CLANG_WARN_OBJC_IMPLICIT_RETAIN_SELF = YES;
				CLANG_WARN_OBJC_LITERAL_CONVERSION = YES;
				CLANG_WARN_OBJC_ROOT_CLASS = YES_ERROR;
				CLANG_WARN_QUOTED_INCLUDE_IN_FRAMEWORK_HEADER = YES;
				CLANG_WARN_RANGE_LOOP_ANALYSIS = YES;
				CLANG_WARN_STRICT_PROTOTYPES = YES;
				CLANG_WARN_SUSPICIOUS_MOVE = YES;
				CLANG_WARN_UNGUARDED_AVAILABILITY = YES_AGGRESSIVE;
				CLANG_WARN_UNREACHABLE_CODE = YES;
				CLANG_WARN__DUPLICATE_METHOD_MATCH = YES;
				COPY_PHASE_STRIP = NO;
				DEBUG_INFORMATION_FORMAT = dwarf;
				ENABLE_STRICT_OBJC_MSGSEND = YES;
				ENABLE_TESTABILITY = YES;
				GCC_C_LANGUAGE_STANDARD = gnu11;
				GCC_DYNAMIC_NO_PIC = NO;
				GCC_NO_COMMON_BLOCKS = YES;
				GCC_OPTIMIZATION_LEVEL = 0;
				GCC_PREPROCESSOR_DEFINITIONS = (
					"DEBUG=1",
					"$(inherited)",
				);
				GCC_WARN_64_TO_32_BIT_CONVERSION = YES;
				GCC_WARN_ABOUT_RETURN_TYPE = YES_ERROR;
				GCC_WARN_UNDECLARED_SELECTOR = YES;
				GCC_WARN_UNINITIALIZED_AUTOS = YES_AGGRESSIVE;
				GCC_WARN_UNUSED_FUNCTION = YES;
				GCC_WARN_UNUSED_VARIABLE = YES;
				IPHONEOS_DEPLOYMENT_TARGET = 16.2;
				MTL_ENABLE_DEBUG_INFO = INCLUDE_SOURCE;
				MTL_FAST_MATH = YES;
				ONLY_ACTIVE_ARCH = YES;
				SDKROOT = iphoneos;
				SWIFT_ACTIVE_COMPILATION_CONDITIONS = DEBUG;
				SWIFT_OPTIMIZATION_LEVEL = "-Onone";
			};
			name = Debug;
		};
		F38CC1FF2BEBFE5A006657B6 /* Release */ = {
			isa = XCBuildConfiguration;
			buildSettings = {
				ALWAYS_SEARCH_USER_PATHS = NO;
				CLANG_ANALYZER_NONNULL = YES;
				CLANG_ANALYZER_NUMBER_OBJECT_CONVERSION = YES_AGGRESSIVE;
				CLANG_CXX_LANGUAGE_STANDARD = "gnu++20";
				CLANG_ENABLE_MODULES = YES;
				CLANG_ENABLE_OBJC_ARC = YES;
				CLANG_ENABLE_OBJC_WEAK = YES;
				CLANG_WARN_BLOCK_CAPTURE_AUTORELEASING = YES;
				CLANG_WARN_BOOL_CONVERSION = YES;
				CLANG_WARN_COMMA = YES;
				CLANG_WARN_CONSTANT_CONVERSION = YES;
				CLANG_WARN_DEPRECATED_OBJC_IMPLEMENTATIONS = YES;
				CLANG_WARN_DIRECT_OBJC_ISA_USAGE = YES_ERROR;
				CLANG_WARN_DOCUMENTATION_COMMENTS = YES;
				CLANG_WARN_EMPTY_BODY = YES;
				CLANG_WARN_ENUM_CONVERSION = YES;
				CLANG_WARN_INFINITE_RECURSION = YES;
				CLANG_WARN_INT_CONVERSION = YES;
				CLANG_WARN_NON_LITERAL_NULL_CONVERSION = YES;
				CLANG_WARN_OBJC_IMPLICIT_RETAIN_SELF = YES;
				CLANG_WARN_OBJC_LITERAL_CONVERSION = YES;
				CLANG_WARN_OBJC_ROOT_CLASS = YES_ERROR;
				CLANG_WARN_QUOTED_INCLUDE_IN_FRAMEWORK_HEADER = YES;
				CLANG_WARN_RANGE_LOOP_ANALYSIS = YES;
				CLANG_WARN_STRICT_PROTOTYPES = YES;
				CLANG_WARN_SUSPICIOUS_MOVE = YES;
				CLANG_WARN_UNGUARDED_AVAILABILITY = YES_AGGRESSIVE;
				CLANG_WARN_UNREACHABLE_CODE = YES;
				CLANG_WARN__DUPLICATE_METHOD_MATCH = YES;
				COPY_PHASE_STRIP = NO;
				DEBUG_INFORMATION_FORMAT = "dwarf-with-dsym";
				ENABLE_NS_ASSERTIONS = NO;
				ENABLE_STRICT_OBJC_MSGSEND = YES;
				GCC_C_LANGUAGE_STANDARD = gnu11;
				GCC_NO_COMMON_BLOCKS = YES;
				GCC_WARN_64_TO_32_BIT_CONVERSION = YES;
				GCC_WARN_ABOUT_RETURN_TYPE = YES_ERROR;
				GCC_WARN_UNDECLARED_SELECTOR = YES;
				GCC_WARN_UNINITIALIZED_AUTOS = YES_AGGRESSIVE;
				GCC_WARN_UNUSED_FUNCTION = YES;
				GCC_WARN_UNUSED_VARIABLE = YES;
				IPHONEOS_DEPLOYMENT_TARGET = 16.2;
				MTL_ENABLE_DEBUG_INFO = NO;
				MTL_FAST_MATH = YES;
				SDKROOT = iphoneos;
				SWIFT_COMPILATION_MODE = wholemodule;
				SWIFT_OPTIMIZATION_LEVEL = "-O";
				VALIDATE_PRODUCT = YES;
			};
			name = Release;
		};
		F38CC2012BEBFE5A006657B6 /* Debug */ = {
			isa = XCBuildConfiguration;
			buildSettings = {
				ASSETCATALOG_COMPILER_APPICON_NAME = AppIcon;
				ASSETCATALOG_COMPILER_GLOBAL_ACCENT_COLOR_NAME = AccentColor;
				CODE_SIGN_STYLE = Automatic;
				CURRENT_PROJECT_VERSION = 1;
				GENERATE_INFOPLIST_FILE = YES;
				INFOPLIST_FILE = TheGuessingGame/Info.plist;
				INFOPLIST_KEY_UIApplicationSupportsIndirectInputEvents = YES;
				INFOPLIST_KEY_UILaunchStoryboardName = LaunchScreen;
				INFOPLIST_KEY_UIMainStoryboardFile = Main;
				INFOPLIST_KEY_UISupportedInterfaceOrientations_iPad = "UIInterfaceOrientationPortrait UIInterfaceOrientationPortraitUpsideDown UIInterfaceOrientationLandscapeLeft UIInterfaceOrientationLandscapeRight";
				INFOPLIST_KEY_UISupportedInterfaceOrientations_iPhone = "UIInterfaceOrientationPortrait UIInterfaceOrientationLandscapeLeft UIInterfaceOrientationLandscapeRight";
				LD_RUNPATH_SEARCH_PATHS = (
					"$(inherited)",
					"@executable_path/Frameworks",
				);
				MARKETING_VERSION = 1.0;
				PRODUCT_BUNDLE_IDENTIFIER = malekouaida.TheGuessingGame;
				PRODUCT_NAME = "$(TARGET_NAME)";
				SWIFT_EMIT_LOC_STRINGS = YES;
				SWIFT_VERSION = 5.0;
				TARGETED_DEVICE_FAMILY = "1,2";
			};
			name = Debug;
		};
		F38CC2022BEBFE5A006657B6 /* Release */ = {
			isa = XCBuildConfiguration;
			buildSettings = {
				ASSETCATALOG_COMPILER_APPICON_NAME = AppIcon;
				ASSETCATALOG_COMPILER_GLOBAL_ACCENT_COLOR_NAME = AccentColor;
				CODE_SIGN_STYLE = Automatic;
				CURRENT_PROJECT_VERSION = 1;
				GENERATE_INFOPLIST_FILE = YES;
				INFOPLIST_FILE = TheGuessingGame/Info.plist;
				INFOPLIST_KEY_UIApplicationSupportsIndirectInputEvents = YES;
				INFOPLIST_KEY_UILaunchStoryboardName = LaunchScreen;
				INFOPLIST_KEY_UIMainStoryboardFile = Main;
				INFOPLIST_KEY_UISupportedInterfaceOrientations_iPad = "UIInterfaceOrientationPortrait UIInterfaceOrientationPortraitUpsideDown UIInterfaceOrientationLandscapeLeft UIInterfaceOrientationLandscapeRight";
				INFOPLIST_KEY_UISupportedInterfaceOrientations_iPhone = "UIInterfaceOrientationPortrait UIInterfaceOrientationLandscapeLeft UIInterfaceOrientationLandscapeRight";
				LD_RUNPATH_SEARCH_PATHS = (
					"$(inherited)",
					"@executable_path/Frameworks",
				);
				MARKETING_VERSION = 1.0;
				PRODUCT_BUNDLE_IDENTIFIER = malekouaida.TheGuessingGame;
				PRODUCT_NAME = "$(TARGET_NAME)";
				SWIFT_EMIT_LOC_STRINGS = YES;
				SWIFT_VERSION = 5.0;
				TARGETED_DEVICE_FAMILY = "1,2";
			};
			name = Release;
		};
		F38CC2042BEBFE5A006657B6 /* Debug */ = {
			isa = XCBuildConfiguration;
			buildSettings = {
				ALWAYS_EMBED_SWIFT_STANDARD_LIBRARIES = YES;
				BUNDLE_LOADER = "$(TEST_HOST)";
				CODE_SIGN_STYLE = Automatic;
				CURRENT_PROJECT_VERSION = 1;
				GENERATE_INFOPLIST_FILE = YES;
				IPHONEOS_DEPLOYMENT_TARGET = 16.2;
				MARKETING_VERSION = 1.0;
				PRODUCT_BUNDLE_IDENTIFIER = malekouaida.TheGuessingGameTests;
				PRODUCT_NAME = "$(TARGET_NAME)";
				SWIFT_EMIT_LOC_STRINGS = NO;
				SWIFT_VERSION = 5.0;
				TARGETED_DEVICE_FAMILY = "1,2";
				TEST_HOST = "$(BUILT_PRODUCTS_DIR)/TheGuessingGame.app/$(BUNDLE_EXECUTABLE_FOLDER_PATH)/TheGuessingGame";
			};
			name = Debug;
		};
		F38CC2052BEBFE5A006657B6 /* Release */ = {
			isa = XCBuildConfiguration;
			buildSettings = {
				ALWAYS_EMBED_SWIFT_STANDARD_LIBRARIES = YES;
				BUNDLE_LOADER = "$(TEST_HOST)";
				CODE_SIGN_STYLE = Automatic;
				CURRENT_PROJECT_VERSION = 1;
				GENERATE_INFOPLIST_FILE = YES;
				IPHONEOS_DEPLOYMENT_TARGET = 16.2;
				MARKETING_VERSION = 1.0;
				PRODUCT_BUNDLE_IDENTIFIER = malekouaida.TheGuessingGameTests;
				PRODUCT_NAME = "$(TARGET_NAME)";
				SWIFT_EMIT_LOC_STRINGS = NO;
				SWIFT_VERSION = 5.0;
				TARGETED_DEVICE_FAMILY = "1,2";
				TEST_HOST = "$(BUILT_PRODUCTS_DIR)/TheGuessingGame.app/$(BUNDLE_EXECUTABLE_FOLDER_PATH)/TheGuessingGame";
			};
			name = Release;
		};
		F38CC2072BEBFE5A006657B6 /* Debug */ = {
			isa = XCBuildConfiguration;
			buildSettings = {
				ALWAYS_EMBED_SWIFT_STANDARD_LIBRARIES = YES;
				CODE_SIGN_STYLE = Automatic;
				CURRENT_PROJECT_VERSION = 1;
				GENERATE_INFOPLIST_FILE = YES;
				MARKETING_VERSION = 1.0;
				PRODUCT_BUNDLE_IDENTIFIER = malekouaida.TheGuessingGameUITests;
				PRODUCT_NAME = "$(TARGET_NAME)";
				SWIFT_EMIT_LOC_STRINGS = NO;
				SWIFT_VERSION = 5.0;
				TARGETED_DEVICE_FAMILY = "1,2";
				TEST_TARGET_NAME = TheGuessingGame;
			};
			name = Debug;
		};
		F38CC2082BEBFE5A006657B6 /* Release */ = {
			isa = XCBuildConfiguration;
			buildSettings = {
				ALWAYS_EMBED_SWIFT_STANDARD_LIBRARIES = YES;
				CODE_SIGN_STYLE = Automatic;
				CURRENT_PROJECT_VERSION = 1;
				GENERATE_INFOPLIST_FILE = YES;
				MARKETING_VERSION = 1.0;
				PRODUCT_BUNDLE_IDENTIFIER = malekouaida.TheGuessingGameUITests;
				PRODUCT_NAME = "$(TARGET_NAME)";
				SWIFT_EMIT_LOC_STRINGS = NO;
				SWIFT_VERSION = 5.0;
				TARGETED_DEVICE_FAMILY = "1,2";
				TEST_TARGET_NAME = TheGuessingGame;
			};
			name = Release;
		};
/* End XCBuildConfiguration section */

/* Begin XCConfigurationList section */
		F38CC1D12BEBFE59006657B6 /* Build configuration list for PBXProject "TheGuessingGame" */ = {
			isa = XCConfigurationList;
			buildConfigurations = (
				F38CC1FE2BEBFE5A006657B6 /* Debug */,
				F38CC1FF2BEBFE5A006657B6 /* Release */,
			);
			defaultConfigurationIsVisible = 0;
			defaultConfigurationName = Release;
		};
		F38CC2002BEBFE5A006657B6 /* Build configuration list for PBXNativeTarget "TheGuessingGame" */ = {
			isa = XCConfigurationList;
			buildConfigurations = (
				F38CC2012BEBFE5A006657B6 /* Debug */,
				F38CC2022BEBFE5A006657B6 /* Release */,
			);
			defaultConfigurationIsVisible = 0;
			defaultConfigurationName = Release;
		};
		F38CC2032BEBFE5A006657B6 /* Build configuration list for PBXNativeTarget "TheGuessingGameTests" */ = {
			isa = XCConfigurationList;
			buildConfigurations = (
				F38CC2042BEBFE5A006657B6 /* Debug */,
				F38CC2052BEBFE5A006657B6 /* Release */,
			);
			defaultConfigurationIsVisible = 0;
			defaultConfigurationName = Release;
		};
		F38CC2062BEBFE5A006657B6 /* Build configuration list for PBXNativeTarget "TheGuessingGameUITests" */ = {
			isa = XCConfigurationList;
			buildConfigurations = (
				F38CC2072BEBFE5A006657B6 /* Debug */,
				F38CC2082BEBFE5A006657B6 /* Release */,
			);
			defaultConfigurationIsVisible = 0;
			defaultConfigurationName = Release;
		};
/* End XCConfigurationList section */
	};
	rootObject = F38CC1CE2BEBFE59006657B6 /* Project object */;
}
